# This file is @generated by PDM.
# It is not intended for manual editing.

[metadata]
groups = ["default"]
strategy = ["inherit_metadata"]
lock_version = "4.5.0"
content_hash = "sha256:db10eb1aabce4e265949a03832dc52b0b30e0d89d1c1b3dc20749c0d8fca5478"

[[metadata.targets]]
requires_python = ">=3.13"

[[package]]
name = "anyascii"
version = "0.3.2"
requires_python = ">=3.3"
summary = "Unicode to ASCII transliteration"
groups = ["default"]
files = [
    {file = "anyascii-0.3.2-py3-none-any.whl", hash = "sha256:3b3beef6fc43d9036d3b0529050b0c48bfad8bc960e9e562d7223cfb94fe45d4"},
    {file = "anyascii-0.3.2.tar.gz", hash = "sha256:9d5d32ef844fe225b8bc7cba7f950534fae4da27a9bf3a6bea2cb0ea46ce4730"},
]

[[package]]
name = "asgiref"
version = "3.8.1"
requires_python = ">=3.8"
summary = "ASGI specs, helper code, and adapters"
groups = ["default"]
dependencies = [
    "typing-extensions>=4; python_version < \"3.11\"",
]
files = [
    {file = "asgiref-3.8.1-py3-none-any.whl", hash = "sha256:3e1e3ecc849832fe52ccf2cb6686b7a55f82bb1d6aee72a58826471390335e47"},
    {file = "asgiref-3.8.1.tar.gz", hash = "sha256:c343bd80a0bec947a9860adb4c432ffa7db769836c64238fc34bdc3fec84d590"},
]

[[package]]
name = "beautifulsoup4"
version = "4.12.3"
requires_python = ">=3.6.0"
summary = "Screen-scraping library"
groups = ["default"]
dependencies = [
    "soupsieve>1.2",
]
files = [
    {file = "beautifulsoup4-4.12.3-py3-none-any.whl", hash = "sha256:b80878c9f40111313e55da8ba20bdba06d8fa3969fc68304167741bbf9e082ed"},
    {file = "beautifulsoup4-4.12.3.tar.gz", hash = "sha256:74e3d1928edc070d21748185c46e3fb33490f22f52a3addee9aee0f4f7781051"},
]

[[package]]
name = "certifi"
version = "2024.2.2"
requires_python = ">=3.6"
summary = "Python package for providing Mozilla's CA Bundle."
groups = ["default"]
files = [
    {file = "certifi-2024.2.2-py3-none-any.whl", hash = "sha256:dc383c07b76109f368f6106eee2b593b04a011ea4d55f652c6ca24a754d1cdd1"},
    {file = "certifi-2024.2.2.tar.gz", hash = "sha256:0569859f95fc761b18b45ef421b1290a0f65f147e92a1e5eb3e635f9a5e4e66f"},
]

[[package]]
name = "charset-normalizer"
version = "3.3.2"
requires_python = ">=3.7.0"
summary = "The Real First Universal Charset Detector. Open, modern and actively maintained alternative to Chardet."
groups = ["default"]
files = [
    {file = "charset-normalizer-3.3.2.tar.gz", hash = "sha256:f30c3cb33b24454a82faecaf01b19c18562b1e89558fb6c56de4d9118a032fd5"},
    {file = "charset_normalizer-3.3.2-cp312-cp312-macosx_10_9_universal2.whl", hash = "sha256:0b2b64d2bb6d3fb9112bafa732def486049e63de9618b5843bcdd081d8144cd8"},
    {file = "charset_normalizer-3.3.2-cp312-cp312-macosx_10_9_x86_64.whl", hash = "sha256:ddbb2551d7e0102e7252db79ba445cdab71b26640817ab1e3e3648dad515003b"},
    {file = "charset_normalizer-3.3.2-cp312-cp312-macosx_11_0_arm64.whl", hash = "sha256:55086ee1064215781fff39a1af09518bc9255b50d6333f2e4c74ca09fac6a8f6"},
    {file = "charset_normalizer-3.3.2-cp312-cp312-manylinux_2_17_aarch64.manylinux2014_aarch64.whl", hash = "sha256:8f4a014bc36d3c57402e2977dada34f9c12300af536839dc38c0beab8878f38a"},
    {file = "charset_normalizer-3.3.2-cp312-cp312-manylinux_2_17_ppc64le.manylinux2014_ppc64le.whl", hash = "sha256:a10af20b82360ab00827f916a6058451b723b4e65030c5a18577c8b2de5b3389"},
    {file = "charset_normalizer-3.3.2-cp312-cp312-manylinux_2_17_s390x.manylinux2014_s390x.whl", hash = "sha256:8d756e44e94489e49571086ef83b2bb8ce311e730092d2c34ca8f7d925cb20aa"},
    {file = "charset_normalizer-3.3.2-cp312-cp312-manylinux_2_17_x86_64.manylinux2014_x86_64.whl", hash = "sha256:90d558489962fd4918143277a773316e56c72da56ec7aa3dc3dbbe20fdfed15b"},
    {file = "charset_normalizer-3.3.2-cp312-cp312-manylinux_2_5_i686.manylinux1_i686.manylinux_2_17_i686.manylinux2014_i686.whl", hash = "sha256:6ac7ffc7ad6d040517be39eb591cac5ff87416c2537df6ba3cba3bae290c0fed"},
    {file = "charset_normalizer-3.3.2-cp312-cp312-musllinux_1_1_aarch64.whl", hash = "sha256:7ed9e526742851e8d5cc9e6cf41427dfc6068d4f5a3bb03659444b4cabf6bc26"},
    {file = "charset_normalizer-3.3.2-cp312-cp312-musllinux_1_1_i686.whl", hash = "sha256:8bdb58ff7ba23002a4c5808d608e4e6c687175724f54a5dade5fa8c67b604e4d"},
    {file = "charset_normalizer-3.3.2-cp312-cp312-musllinux_1_1_ppc64le.whl", hash = "sha256:6b3251890fff30ee142c44144871185dbe13b11bab478a88887a639655be1068"},
    {file = "charset_normalizer-3.3.2-cp312-cp312-musllinux_1_1_s390x.whl", hash = "sha256:b4a23f61ce87adf89be746c8a8974fe1c823c891d8f86eb218bb957c924bb143"},
    {file = "charset_normalizer-3.3.2-cp312-cp312-musllinux_1_1_x86_64.whl", hash = "sha256:efcb3f6676480691518c177e3b465bcddf57cea040302f9f4e6e191af91174d4"},
    {file = "charset_normalizer-3.3.2-cp312-cp312-win32.whl", hash = "sha256:d965bba47ddeec8cd560687584e88cf699fd28f192ceb452d1d7ee807c5597b7"},
    {file = "charset_normalizer-3.3.2-cp312-cp312-win_amd64.whl", hash = "sha256:96b02a3dc4381e5494fad39be677abcb5e6634bf7b4fa83a6dd3112607547001"},
    {file = "charset_normalizer-3.3.2-py3-none-any.whl", hash = "sha256:3e4d1f6587322d2788836a99c69062fbb091331ec940e02d12d179c1d53e25fc"},
]

[[package]]
name = "defusedxml"
version = "0.7.1"
requires_python = ">=2.7, !=3.0.*, !=3.1.*, !=3.2.*, !=3.3.*, !=3.4.*"
summary = "XML bomb protection for Python stdlib modules"
groups = ["default"]
files = [
    {file = "defusedxml-0.7.1-py2.py3-none-any.whl", hash = "sha256:a352e7e428770286cc899e2542b6cdaedb2b4953ff269a210103ec58f6198a61"},
    {file = "defusedxml-0.7.1.tar.gz", hash = "sha256:1bb3032db185915b62d7c6209c5a8792be6a32ab2fedacc84e01b52c51aa3e69"},
]

[[package]]
name = "django"
version = "5.0.3"
requires_python = ">=3.10"
summary = "A high-level Python web framework that encourages rapid development and clean, pragmatic design."
groups = ["default"]
dependencies = [
    "asgiref<4,>=3.7.0",
    "sqlparse>=0.3.1",
    "tzdata; sys_platform == \"win32\"",
]
files = [
    {file = "Django-5.0.3-py3-none-any.whl", hash = "sha256:5c7d748ad113a81b2d44750ccc41edc14e933f56581683db548c9257e078cc83"},
    {file = "Django-5.0.3.tar.gz", hash = "sha256:5fb37580dcf4a262f9258c1f4373819aacca906431f505e4688e37f3a99195df"},
]

[[package]]
name = "django-filter"
version = "23.5"
requires_python = ">=3.7"
summary = "Django-filter is a reusable Django application for allowing users to filter querysets dynamically."
groups = ["default"]
dependencies = [
    "Django>=3.2",
]
files = [
    {file = "django-filter-23.5.tar.gz", hash = "sha256:67583aa43b91fe8c49f74a832d95f4d8442be628fd4c6d65e9f811f5153a4e5c"},
    {file = "django_filter-23.5-py3-none-any.whl", hash = "sha256:99122a201d83860aef4fe77758b69dda913e874cc5e0eaa50a86b0b18d708400"},
]

[[package]]
name = "django-modelcluster"
version = "6.3"
requires_python = ">=3.8"
summary = "Django extension to allow working with 'clusters' of models as a single unit, independently of the database"
groups = ["default"]
dependencies = [
    "django>=3.2",
    "pytz>=2022.4",
]
files = [
    {file = "django-modelcluster-6.3.tar.gz", hash = "sha256:0caed8a0e889f3abb92f144670878a466ef954ffa6c4c7b9c80e6426b720a49d"},
    {file = "django_modelcluster-6.3-py2.py3-none-any.whl", hash = "sha256:a8783d6565a0663f41cd6003ea361c3a5711e8a2a326160f1ec1eceb3e973d4f"},
]

[[package]]
name = "django-permissionedforms"
version = "0.1"
requires_python = ">=3.7"
summary = "Django extension for creating forms that vary according to user permissions"
groups = ["default"]
dependencies = [
    "Django",
]
files = [
    {file = "django-permissionedforms-0.1.tar.gz", hash = "sha256:4340bb20c4477fffb13b4cc5cccf9f1b1010b64f79956c291c72d2ad2ed243f8"},
    {file = "django_permissionedforms-0.1-py2.py3-none-any.whl", hash = "sha256:d341a961a27cc77fde8cc42141c6ab55cc1f0cb886963cc2d6967b9674fa47d6"},
]

[[package]]
name = "django-taggit"
version = "5.0.1"
requires_python = ">=3.8"
summary = "django-taggit is a reusable Django application for simple tagging."
groups = ["default"]
dependencies = [
    "Django>=4.1",
]
files = [
    {file = "django-taggit-5.0.1.tar.gz", hash = "sha256:edcd7db1e0f35c304e082a2f631ddac2e16ef5296029524eb792af7430cab4cc"},
    {file = "django_taggit-5.0.1-py3-none-any.whl", hash = "sha256:a0ca8a28b03c4b26c2630fd762cb76ec39b5e41abf727a7b66f897a625c5e647"},
]

[[package]]
name = "django-treebeard"
version = "4.7.1"
requires_python = ">=3.8"
summary = "Efficient tree implementations for Django"
groups = ["default"]
dependencies = [
    "Django>=3.2",
]
files = [
    {file = "django-treebeard-4.7.1.tar.gz", hash = "sha256:846e462904b437155f76e04907ba4e48480716855f88b898df4122bdcfbd6e98"},
    {file = "django_treebeard-4.7.1-py3-none-any.whl", hash = "sha256:995c7120153ab999898fe3043bbdcd8a0fc77cc106eb94de7350e9d02c885135"},
]

[[package]]
name = "django-widget-tweaks"
version = "1.5.0"
requires_python = ">=3.8"
summary = "Tweak the form field rendering in templates, not in python-level form definitions."
groups = ["default"]
files = [
    {file = "django-widget-tweaks-1.5.0.tar.gz", hash = "sha256:1c2180681ebb994e922c754804c7ffebbe1245014777ac47897a81f57cc629c7"},
    {file = "django_widget_tweaks-1.5.0-py3-none-any.whl", hash = "sha256:a41b7b2f05bd44d673d11ebd6c09a96f1d013ee98121cb98c384fe84e33b881e"},
]

[[package]]
name = "djangorestframework"
version = "3.15.1"
requires_python = ">=3.6"
summary = "Web APIs for Django, made easy."
groups = ["default"]
dependencies = [
    "backports-zoneinfo; python_version < \"3.9\"",
    "django>=3.0",
]
files = [
    {file = "djangorestframework-3.15.1-py3-none-any.whl", hash = "sha256:3ccc0475bce968608cf30d07fb17d8e52d1d7fc8bfe779c905463200750cbca6"},
    {file = "djangorestframework-3.15.1.tar.gz", hash = "sha256:f88fad74183dfc7144b2756d0d2ac716ea5b4c7c9840995ac3bfd8ec034333c1"},
]

[[package]]
name = "draftjs-exporter"
version = "5.0.0"
summary = "Library to convert rich text from Draft.js raw ContentState to HTML"
groups = ["default"]
files = [
    {file = "draftjs_exporter-5.0.0-py3-none-any.whl", hash = "sha256:8cb9d2d51284233decfe274802f1c53e257158c62b9f53ed2399de3fa80ac561"},
    {file = "draftjs_exporter-5.0.0.tar.gz", hash = "sha256:2efee45d4bb4c0aaacc3e5ea2983a29a29381e02037f3f92a6b12706d7b87e1e"},
]

[[package]]
name = "et-xmlfile"
version = "1.1.0"
requires_python = ">=3.6"
summary = "An implementation of lxml.xmlfile for the standard library"
groups = ["default"]
files = [
    {file = "et_xmlfile-1.1.0-py3-none-any.whl", hash = "sha256:a2ba85d1d6a74ef63837eed693bcb89c3f752169b0e3e7ae5b16ca5e1b3deada"},
    {file = "et_xmlfile-1.1.0.tar.gz", hash = "sha256:8eb9e2bc2f8c97e37a2dc85a09ecdcdec9d8a396530a6d5a33b30b9a92da0c5c"},
]

[[package]]
name = "filetype"
version = "1.2.0"
summary = "Infer file type and MIME type of any file/buffer. No external dependencies."
groups = ["default"]
files = [
    {file = "filetype-1.2.0-py2.py3-none-any.whl", hash = "sha256:7ce71b6880181241cf7ac8697a2f1eb6a8bd9b429f7ad6d27b8db9ba5f1c2d25"},
    {file = "filetype-1.2.0.tar.gz", hash = "sha256:66b56cd6474bf41d8c54660347d37afcc3f7d1970648de365c102ef77548aadb"},
]

[[package]]
name = "idna"
version = "3.6"
requires_python = ">=3.5"
summary = "Internationalized Domain Names in Applications (IDNA)"
groups = ["default"]
files = [
    {file = "idna-3.6-py3-none-any.whl", hash = "sha256:c05567e9c24a6b9faaa835c4821bad0590fbb9d5779e7caa6e1cc4978e7eb24f"},
    {file = "idna-3.6.tar.gz", hash = "sha256:9ecdbbd083b06798ae1e86adcbfe8ab1479cf864e4ee30fe4e46a003d12491ca"},
]

[[package]]
name = "l18n"
version = "2021.3"
summary = "Internationalization for pytz timezones and territories"
groups = ["default"]
dependencies = [
    "pytz>=2020.1",
    "six",
]
files = [
    {file = "l18n-2021.3-py3-none-any.whl", hash = "sha256:78495d1df95b6f7dcc694d1ba8994df709c463a1cbac1bf016e1b9a5ce7280b9"},
    {file = "l18n-2021.3.tar.gz", hash = "sha256:1956e890d673d17135cc20913253c154f6bc1c00266c22b7d503cc1a5a42d848"},
]

[[package]]
name = "laces"
version = "0.1.1"
requires_python = ">=3.8"
summary = "Django components that know how to render themselves."
groups = ["default"]
dependencies = [
    "Django>=3.2",
]
files = [
    {file = "laces-0.1.1-py3-none-any.whl", hash = "sha256:ae2c575b9aaa46154e5518c61c9f86f5a9478f753a51e9c5547c7d275d361242"},
    {file = "laces-0.1.1.tar.gz", hash = "sha256:e45159c46f6adca33010d34e9af869e57201b70675c6dc088e919b16c89456a4"},
]

[[package]]
name = "openpyxl"
version = "3.1.2"
requires_python = ">=3.6"
summary = "A Python library to read/write Excel 2010 xlsx/xlsm files"
groups = ["default"]
dependencies = [
    "et-xmlfile",
]
files = [
    {file = "openpyxl-3.1.2-py2.py3-none-any.whl", hash = "sha256:f91456ead12ab3c6c2e9491cf33ba6d08357d802192379bb482f1033ade496f5"},
    {file = "openpyxl-3.1.2.tar.gz", hash = "sha256:a6f5977418eff3b2d5500d54d9db50c8277a368436f4e4f8ddb1be3422870184"},
]

[[package]]
name = "pillow"
version = "11.1.0"
requires_python = ">=3.9"
summary = "Python Imaging Library (Fork)"
groups = ["default"]
files = [
    {file = "pillow-11.1.0-cp313-cp313-macosx_10_13_x86_64.whl", hash = "sha256:ae98e14432d458fc3de11a77ccb3ae65ddce70f730e7c76140653048c71bfcbc"},
    {file = "pillow-11.1.0-cp313-cp313-macosx_11_0_arm64.whl", hash = "sha256:cc1331b6d5a6e144aeb5e626f4375f5b7ae9934ba620c0ac6b3e43d5e683a0f0"},
    {file = "pillow-11.1.0-cp313-cp313-manylinux_2_17_aarch64.manylinux2014_aarch64.whl", hash = "sha256:758e9d4ef15d3560214cddbc97b8ef3ef86ce04d62ddac17ad39ba87e89bd3b1"},
    {file = "pillow-11.1.0-cp313-cp313-manylinux_2_17_x86_64.manylinux2014_x86_64.whl", hash = "sha256:b523466b1a31d0dcef7c5be1f20b942919b62fd6e9a9be199d035509cbefc0ec"},
    {file = "pillow-11.1.0-cp313-cp313-manylinux_2_28_aarch64.whl", hash = "sha256:9044b5e4f7083f209c4e35aa5dd54b1dd5b112b108648f5c902ad586d4f945c5"},
    {file = "pillow-11.1.0-cp313-cp313-manylinux_2_28_x86_64.whl", hash = "sha256:3764d53e09cdedd91bee65c2527815d315c6b90d7b8b79759cc48d7bf5d4f114"},
    {file = "pillow-11.1.0-cp313-cp313-musllinux_1_2_aarch64.whl", hash = "sha256:31eba6bbdd27dde97b0174ddf0297d7a9c3a507a8a1480e1e60ef914fe23d352"},
    {file = "pillow-11.1.0-cp313-cp313-musllinux_1_2_x86_64.whl", hash = "sha256:b5d658fbd9f0d6eea113aea286b21d3cd4d3fd978157cbf2447a6035916506d3"},
    {file = "pillow-11.1.0-cp313-cp313-win32.whl", hash = "sha256:f86d3a7a9af5d826744fabf4afd15b9dfef44fe69a98541f666f66fbb8d3fef9"},
    {file = "pillow-11.1.0-cp313-cp313-win_amd64.whl", hash = "sha256:593c5fd6be85da83656b93ffcccc2312d2d149d251e98588b14fbc288fd8909c"},
    {file = "pillow-11.1.0-cp313-cp313-win_arm64.whl", hash = "sha256:11633d58b6ee5733bde153a8dafd25e505ea3d32e261accd388827ee987baf65"},
    {file = "pillow-11.1.0-cp313-cp313t-macosx_10_13_x86_64.whl", hash = "sha256:70ca5ef3b3b1c4a0812b5c63c57c23b63e53bc38e758b37a951e5bc466449861"},
    {file = "pillow-11.1.0-cp313-cp313t-macosx_11_0_arm64.whl", hash = "sha256:8000376f139d4d38d6851eb149b321a52bb8893a88dae8ee7d95840431977081"},
    {file = "pillow-11.1.0-cp313-cp313t-manylinux_2_17_x86_64.manylinux2014_x86_64.whl", hash = "sha256:9ee85f0696a17dd28fbcfceb59f9510aa71934b483d1f5601d1030c3c8304f3c"},
    {file = "pillow-11.1.0-cp313-cp313t-manylinux_2_28_x86_64.whl", hash = "sha256:dd0e081319328928531df7a0e63621caf67652c8464303fd102141b785ef9547"},
    {file = "pillow-11.1.0-cp313-cp313t-musllinux_1_2_x86_64.whl", hash = "sha256:e63e4e5081de46517099dc30abe418122f54531a6ae2ebc8680bcd7096860eab"},
    {file = "pillow-11.1.0-cp313-cp313t-win32.whl", hash = "sha256:dda60aa465b861324e65a78c9f5cf0f4bc713e4309f83bc387be158b077963d9"},
    {file = "pillow-11.1.0-cp313-cp313t-win_amd64.whl", hash = "sha256:ad5db5781c774ab9a9b2c4302bbf0c1014960a0a7be63278d13ae6fdf88126fe"},
    {file = "pillow-11.1.0-cp313-cp313t-win_arm64.whl", hash = "sha256:67cd427c68926108778a9005f2a04adbd5e67c442ed21d95389fe1d595458756"},
    {file = "pillow-11.1.0.tar.gz", hash = "sha256:368da70808b36d73b4b390a8ffac11069f8a5c85f29eff1f1b01bcf3ef5b2a20"},
]

[[package]]
name = "pillow-heif"
version = "0.21.0"
requires_python = ">=3.9"
summary = "Python interface for libheif library"
groups = ["default"]
dependencies = [
    "pillow>=10.1.0",
]
files = [
    {file = "pillow_heif-0.21.0-cp313-cp313-macosx_13_0_x86_64.whl", hash = "sha256:9e67aae3c22a90bc7dfd42c9f0033c53a7d358e0f0d5d29aa42f2f193162fb01"},
    {file = "pillow_heif-0.21.0-cp313-cp313-macosx_14_0_arm64.whl", hash = "sha256:ee2d68cbc0df8ba6fd9103ac6b550ebafcaa3a179416737a96becf6e5f079586"},
    {file = "pillow_heif-0.21.0-cp313-cp313-manylinux_2_17_aarch64.manylinux2014_aarch64.whl", hash = "sha256:9e5c0df7b8c84e4a8c249ba45ceca2453f205028d8a6525612ec6dd0553d925d"},
    {file = "pillow_heif-0.21.0-cp313-cp313-manylinux_2_17_x86_64.manylinux2014_x86_64.whl", hash = "sha256:aaedb7f16f3f18fbb315648ba576d0d7bb26b18b50c16281665123c38f73101e"},
    {file = "pillow_heif-0.21.0-cp313-cp313-musllinux_1_2_aarch64.whl", hash = "sha256:6724d6a2561f36b06e14e1cd396c004d32717e81528cb03565491ac8679ed760"},
    {file = "pillow_heif-0.21.0-cp313-cp313-musllinux_1_2_x86_64.whl", hash = "sha256:bf2e2b0abad455a0896118856e82a8d5358dfe5480bedd09ddd6a04b23773899"},
    {file = "pillow_heif-0.21.0-cp313-cp313-win_amd64.whl", hash = "sha256:1b6ba6c3c4de739a1abf4f7fe0cdd04acd9e0c7fc661985b9a5288d94893a4b1"},
    {file = "pillow_heif-0.21.0.tar.gz", hash = "sha256:07aee1bff05e5d61feb989eaa745ae21b367011fd66ee48f7732931f8a12b49b"},
]

[[package]]
name = "pytz"
version = "2024.1"
summary = "World timezone definitions, modern and historical"
groups = ["default"]
files = [
    {file = "pytz-2024.1-py2.py3-none-any.whl", hash = "sha256:328171f4e3623139da4983451950b28e95ac706e13f3f2630a879749e7a8b319"},
    {file = "pytz-2024.1.tar.gz", hash = "sha256:2a29735ea9c18baf14b448846bde5a48030ed267578472d8955cd0e7443a9812"},
]

[[package]]
name = "requests"
version = "2.31.0"
requires_python = ">=3.7"
summary = "Python HTTP for Humans."
groups = ["default"]
dependencies = [
    "certifi>=2017.4.17",
    "charset-normalizer<4,>=2",
    "idna<4,>=2.5",
    "urllib3<3,>=1.21.1",
]
files = [
    {file = "requests-2.31.0-py3-none-any.whl", hash = "sha256:58cd2187c01e70e6e26505bca751777aa9f2ee0b7f4300988b709f44e013003f"},
    {file = "requests-2.31.0.tar.gz", hash = "sha256:942c5a758f98d790eaed1a29cb6eefc7ffb0d1cf7af05c3d2791656dbd6ad1e1"},
]

[[package]]
name = "six"
version = "1.16.0"
requires_python = ">=2.7, !=3.0.*, !=3.1.*, !=3.2.*"
summary = "Python 2 and 3 compatibility utilities"
groups = ["default"]
files = [
    {file = "six-1.16.0-py2.py3-none-any.whl", hash = "sha256:8abb2f1d86890a2dfb989f9a77cfcfd3e47c2a354b01111771326f8aa26e0254"},
    {file = "six-1.16.0.tar.gz", hash = "sha256:1e61c37477a1626458e36f7b1d82aa5c9b094fa4802892072e49de9c60c4c926"},
]

[[package]]
name = "soupsieve"
version = "2.5"
requires_python = ">=3.8"
summary = "A modern CSS selector implementation for Beautiful Soup."
groups = ["default"]
files = [
    {file = "soupsieve-2.5-py3-none-any.whl", hash = "sha256:eaa337ff55a1579b6549dc679565eac1e3d000563bcb1c8ab0d0fefbc0c2cdc7"},
    {file = "soupsieve-2.5.tar.gz", hash = "sha256:5663d5a7b3bfaeee0bc4372e7fc48f9cff4940b3eec54a6451cc5299f1097690"},
]

[[package]]
name = "sqlparse"
version = "0.4.4"
requires_python = ">=3.5"
summary = "A non-validating SQL parser."
groups = ["default"]
files = [
    {file = "sqlparse-0.4.4-py3-none-any.whl", hash = "sha256:5430a4fe2ac7d0f93e66f1efc6e1338a41884b7ddf2a350cedd20ccc4d9d28f3"},
    {file = "sqlparse-0.4.4.tar.gz", hash = "sha256:d446183e84b8349fa3061f0fe7f06ca94ba65b426946ffebe6e3e8295332420c"},
]

[[package]]
name = "telepath"
version = "0.3.1"
requires_python = ">=3.8"
summary = "A library for exchanging data between Python and JavaScript"
groups = ["default"]
files = [
    {file = "telepath-0.3.1.tar.gz", hash = "sha256:925c0609e0a8a6488ec4a55b19d485882cf72223b2b19fe2359a50fddd813c9c"},
]

[[package]]
name = "tzdata"
version = "2024.1"
requires_python = ">=2"
summary = "Provider of IANA time zone data"
groups = ["default"]
marker = "sys_platform == \"win32\""
files = [
    {file = "tzdata-2024.1-py2.py3-none-any.whl", hash = "sha256:9068bc196136463f5245e51efda838afa15aaeca9903f49050dfa2679db4d252"},
    {file = "tzdata-2024.1.tar.gz", hash = "sha256:2674120f8d891909751c38abcdfd386ac0a5a1127954fbc332af6b5ceae07efd"},
]

[[package]]
name = "urllib3"
version = "2.2.1"
requires_python = ">=3.8"
summary = "HTTP library with thread-safe connection pooling, file post, and more."
groups = ["default"]
files = [
    {file = "urllib3-2.2.1-py3-none-any.whl", hash = "sha256:450b20ec296a467077128bff42b73080516e71b56ff59a60a02bef2232c4fa9d"},
    {file = "urllib3-2.2.1.tar.gz", hash = "sha256:d0570876c61ab9e520d776c38acbbb5b05a776d3f9ff98a5c8fd5162a444cf19"},
]

[[package]]
name = "wagtail"
version = "6.3.2"
requires_python = ">=3.9"
summary = "A Django content management system."
groups = ["default"]
dependencies = [
    "Django<6.0,>=4.2",
    "Pillow<12.0.0,>=9.1.0",
    "Willow[heif]<2,>=1.8.0",
    "anyascii>=0.1.5",
    "beautifulsoup4<4.13,>=4.8",
    "django-filter<25,>=23.3",
    "django-modelcluster<7.0,>=6.2.1",
    "django-permissionedforms<1.0,>=0.1",
    "django-taggit<6.2,>=5.0",
    "django-treebeard<5.0,>=4.5.1",
    "djangorestframework<4.0,>=3.15.1",
    "draftjs-exporter<6.0,>=2.1.5",
    "l18n>=2018.5",
    "laces<0.2,>=0.1",
    "openpyxl<4.0,>=3.0.10",
    "requests<3.0,>=2.11.1",
    "telepath<1,>=0.3.1",
]
files = [
    {file = "wagtail-6.3.2-py3-none-any.whl", hash = "sha256:ac72f7138281ef47360057ebfb835a8eae34048efeed10ca9f4aabbc8f4e4ea5"},
    {file = "wagtail-6.3.2.tar.gz", hash = "sha256:e4271222bd2498040a60dd5e27228dcd481cc2310aa8fc951f0f4e23d20fbc50"},
]

[[package]]
name = "willow"
version = "1.8.0"
requires_python = ">=3.8"
summary = "A Python image library that sits on top of Pillow, Wand and OpenCV"
groups = ["default"]
dependencies = [
    "defusedxml<1.0,>=0.7",
    "filetype!=1.1.0,>=1.0.10",
]
files = [
    {file = "willow-1.8.0-py3-none-any.whl", hash = "sha256:48ccf5ce48ccd29c37a32497cd7af50983f8570543c4de2988b15d583efc66be"},
    {file = "willow-1.8.0.tar.gz", hash = "sha256:ef3df6cde80d4914e719188147bef1d71c240edb118340e0c5957ecc8fe08315"},
]

[[package]]
name = "willow"
version = "1.8.0"
extras = ["heif"]
requires_python = ">=3.8"
summary = "A Python image library that sits on top of Pillow, Wand and OpenCV"
groups = ["default"]
dependencies = [
    "Willow==1.8.0",
    "pillow-heif<1.0.0,>=0.10.0; python_version < \"3.12\"",
    "pillow-heif<1.0.0,>=0.13.0; python_version >= \"3.12\"",
]
files = [
    {file = "willow-1.8.0-py3-none-any.whl", hash = "sha256:48ccf5ce48ccd29c37a32497cd7af50983f8570543c4de2988b15d583efc66be"},
    {file = "willow-1.8.0.tar.gz", hash = "sha256:ef3df6cde80d4914e719188147bef1d71c240edb118340e0c5957ecc8fe08315"},
]
